
Microsoft Visual Studio Solution File, Format Version 12.00
# Visual Studio Version 16
VisualStudioVersion = 16.0.30413.136
MinimumVisualStudioVersion = 10.0.40219.1
Project("{FAE04EC0-301F-11D3-BF4B-00C04F79EFBC}") = "HarryPotter", "HarryPotter.csproj", "{73A32269-AEA7-441D-B1A2-96A907350272}"
EndProject
Global
	GlobalSection(SolutionConfigurationPlatforms) = preSolution
		Debug|Any CPU = Debug|Any CPU
		Release|Any CPU = Release|Any CPU
	EndGlobalSection
	GlobalSection(ProjectConfigurationPlatforms) = postSolution
		{73A32269-AEA7-441D-B1A2-96A907350272}.Debug|Any CPU.ActiveCfg = Debug|Any CPU
		{73A32269-AEA7-441D-B1A2-96A907350272}.Debug|Any CPU.Build.0 = Debug|Any CPU
		{73A32269-AEA7-441D-B1A2-96A907350272}.Release|Any CPU.ActiveCfg = Release|Any CPU
		{73A32269-AEA7-441D-B1A2-96A907350272}.Release|Any CPU.Build.0 = Release|Any CPU
	EndGlobalSection
	GlobalSection(SolutionProperties) = preSolution
		HideSolutionNode = FALSE
	EndGlobalSection
	GlobalSection(ExtensibilityGlobals) = postSolution
		SolutionGuid = {0896E45B-2E56-44A9-8445-D6C0F0261056}
	EndGlobalSection
EndGlobal
